
Microsoft Visual Studio Solution File, Format Version 12.00
# Visual Studio Version 17
VisualStudioVersion = 17.0.31903.59
MinimumVisualStudioVersion = 10.0.40219.1
Project("{FAE04EC0-301F-11D3-BF4B-00C04F79EFBC}") = "Synapse.Api", "backend\Synapse.Api\Synapse.Api.csproj", "{86DAA847-FCD9-408B-94D8-9D574D84C06A}"
EndProject
Project("{FAE04EC0-301F-11D3-BF4B-00C04F79EFBC}") = "Synapse.Application", "backend\Synapse.Application\Synapse.Application.csproj", "{6E73E6EB-A5DA-4053-B9A2-209B23AEAB03}"
EndProject
Project("{FAE04EC0-301F-11D3-BF4B-00C04F79EFBC}") = "Synapse.Domain", "backend\Synapse.Domain\Synapse.Domain.csproj", "{C449BB69-5353-4351-A7B9-2F3ECC246AD5}"
EndProject
Project("{FAE04EC0-301F-11D3-BF4B-00C04F79EFBC}") = "Synapse.Infrastructure", "backend\Synapse.Infrastructure\Synapse.Infrastructure.csproj", "{C09A8CFD-3509-4E18-88A3-25D2A451B283}"
EndProject
Project("{2150E333-8FDC-42A3-9474-1A3956D46DE8}") = "backend", "backend", "{D374DB4B-3E07-4C00-98FC-F6F8313558D1}"
EndProject
Project("{FAE04EC0-301F-11D3-BF4B-00C04F79EFBC}") = "Synapse.Api.Tests", "backend\Synapse.Api.Tests\Synapse.Api.Tests.csproj", "{B323D2A0-18E7-4DB7-A625-0EB6BD1149A7}"
EndProject
Global
	GlobalSection(SolutionConfigurationPlatforms) = preSolution
		Debug|Any CPU = Debug|Any CPU
		Release|Any CPU = Release|Any CPU
	EndGlobalSection
	GlobalSection(SolutionProperties) = preSolution
		HideSolutionNode = FALSE
	EndGlobalSection
	GlobalSection(ProjectConfigurationPlatforms) = postSolution
		{86DAA847-FCD9-408B-94D8-9D574D84C06A}.Debug|Any CPU.ActiveCfg = Debug|Any CPU
		{86DAA847-FCD9-408B-94D8-9D574D84C06A}.Debug|Any CPU.Build.0 = Debug|Any CPU
		{86DAA847-FCD9-408B-94D8-9D574D84C06A}.Release|Any CPU.ActiveCfg = Release|Any CPU
		{86DAA847-FCD9-408B-94D8-9D574D84C06A}.Release|Any CPU.Build.0 = Release|Any CPU
		{6E73E6EB-A5DA-4053-B9A2-209B23AEAB03}.Debug|Any CPU.ActiveCfg = Debug|Any CPU
		{6E73E6EB-A5DA-4053-B9A2-209B23AEAB03}.Debug|Any CPU.Build.0 = Debug|Any CPU
		{6E73E6EB-A5DA-4053-B9A2-209B23AEAB03}.Release|Any CPU.ActiveCfg = Release|Any CPU
		{6E73E6EB-A5DA-4053-B9A2-209B23AEAB03}.Release|Any CPU.Build.0 = Release|Any CPU
		{C449BB69-5353-4351-A7B9-2F3ECC246AD5}.Debug|Any CPU.ActiveCfg = Debug|Any CPU
		{C449BB69-5353-4351-A7B9-2F3ECC246AD5}.Debug|Any CPU.Build.0 = Debug|Any CPU
		{C449BB69-5353-4351-A7B9-2F3ECC246AD5}.Release|Any CPU.ActiveCfg = Release|Any CPU
		{C449BB69-5353-4351-A7B9-2F3ECC246AD5}.Release|Any CPU.Build.0 = Release|Any CPU
		{C09A8CFD-3509-4E18-88A3-25D2A451B283}.Debug|Any CPU.ActiveCfg = Debug|Any CPU
		{C09A8CFD-3509-4E18-88A3-25D2A451B283}.Debug|Any CPU.Build.0 = Debug|Any CPU
		{C09A8CFD-3509-4E18-88A3-25D2A451B283}.Release|Any CPU.ActiveCfg = Release|Any CPU
		{C09A8CFD-3509-4E18-88A3-25D2A451B283}.Release|Any CPU.Build.0 = Release|Any CPU
		{B323D2A0-18E7-4DB7-A625-0EB6BD1149A7}.Debug|Any CPU.ActiveCfg = Debug|Any CPU
		{B323D2A0-18E7-4DB7-A625-0EB6BD1149A7}.Debug|Any CPU.Build.0 = Debug|Any CPU
		{B323D2A0-18E7-4DB7-A625-0EB6BD1149A7}.Release|Any CPU.ActiveCfg = Release|Any CPU
		{B323D2A0-18E7-4DB7-A625-0EB6BD1149A7}.Release|Any CPU.Build.0 = Release|Any CPU
	EndGlobalSection
	GlobalSection(NestedProjects) = preSolution
		{B323D2A0-18E7-4DB7-A625-0EB6BD1149A7} = {D374DB4B-3E07-4C00-98FC-F6F8313558D1}
	EndGlobalSection
EndGlobal
